<Solution>
  <Folder Name="/Solution Items/">
    <File Path=".editorconfig" />
    <File Path="Directory.Build.props" />
    <File Path="Directory.Packages.props" />
  </Folder>
  <Project Path="RangeCalculator.Benchmarks/RangeCalculator.Benchmarks.csproj" />
  <Project Path="RangeCalculator.Test/RangeCalculator.Test.csproj" />
  <Project Path="RangeCalculator/RangeCalculator.csproj" Id="6ce73274-c79c-4b64-9f49-f3dff2149abb" />
</Solution>
